# This file is automatically @generated by Cargo.
# It is not intended for manual editing.
version = 4

[[package]]
name = "cribbage-api"
version = "16.0.0"
dependencies = [
 "cribbage-shadow-engine",
]

[[package]]
name = "cribbage-policy-trainer"
version = "0.1.0"
dependencies = [
 "cribbage-shadow-engine",
]

[[package]]
name = "cribbage-runner"
version = "0.1.0"
dependencies = [
 "cribbage-shadow-engine",
]

[[package]]
name = "cribbage-shadow-engine"
version = "0.1.0"
